
Microsoft Visual Studio Solution File, Format Version 12.00
# Visual Studio 15
VisualStudioVersion = 15.0.27130.2024
MinimumVisualStudioVersion = 10.0.40219.1
Project("{FAE04EC0-301F-11D3-BF4B-00C04F79EFBC}") = "AppleAndOrange", "AppleAndOrange\AppleAndOrange.csproj", "{1222E772-AD84-4F39-812D-04259B035652}"
EndProject
Project("{FAE04EC0-301F-11D3-BF4B-00C04F79EFBC}") = "Kangaroo", "..\Kangaroo\Kangaroo.csproj", "{81011A9C-8D96-40E7-9883-A28F551F32E6}"
EndProject
Project("{FAE04EC0-301F-11D3-BF4B-00C04F79EFBC}") = "BetweenTwoSets", "..\BetweenTwoSets\BetweenTwoSets.csproj", "{33E65522-477D-4BA2-950C-8F150D12B28F}"
EndProject
Global
	GlobalSection(SolutionConfigurationPlatforms) = preSolution
		Debug|Any CPU = Debug|Any CPU
		Release|Any CPU = Release|Any CPU
	EndGlobalSection
	GlobalSection(ProjectConfigurationPlatforms) = postSolution
		{1222E772-AD84-4F39-812D-04259B035652}.Debug|Any CPU.ActiveCfg = Debug|Any CPU
		{1222E772-AD84-4F39-812D-04259B035652}.Debug|Any CPU.Build.0 = Debug|Any CPU
		{1222E772-AD84-4F39-812D-04259B035652}.Release|Any CPU.ActiveCfg = Release|Any CPU
		{1222E772-AD84-4F39-812D-04259B035652}.Release|Any CPU.Build.0 = Release|Any CPU
		{81011A9C-8D96-40E7-9883-A28F551F32E6}.Debug|Any CPU.ActiveCfg = Debug|Any CPU
		{81011A9C-8D96-40E7-9883-A28F551F32E6}.Debug|Any CPU.Build.0 = Debug|Any CPU
		{81011A9C-8D96-40E7-9883-A28F551F32E6}.Release|Any CPU.ActiveCfg = Release|Any CPU
		{81011A9C-8D96-40E7-9883-A28F551F32E6}.Release|Any CPU.Build.0 = Release|Any CPU
		{33E65522-477D-4BA2-950C-8F150D12B28F}.Debug|Any CPU.ActiveCfg = Debug|Any CPU
		{33E65522-477D-4BA2-950C-8F150D12B28F}.Debug|Any CPU.Build.0 = Debug|Any CPU
		{33E65522-477D-4BA2-950C-8F150D12B28F}.Release|Any CPU.ActiveCfg = Release|Any CPU
		{33E65522-477D-4BA2-950C-8F150D12B28F}.Release|Any CPU.Build.0 = Release|Any CPU
	EndGlobalSection
	GlobalSection(SolutionProperties) = preSolution
		HideSolutionNode = FALSE
	EndGlobalSection
	GlobalSection(ExtensibilityGlobals) = postSolution
		SolutionGuid = {2AF80F9B-A318-42E3-A82D-F76D62B45FDE}
	EndGlobalSection
EndGlobal
